{
  "nodes": {
    "mvn2nix": {
      "inputs": {
        "nixpkgs": "nixpkgs",
        "utils": "utils"
      },
      "locked": {
        "lastModified": 1629170129,
        "narHash": "sha256-v/HvYqzkPaGin1ujo+Fi59wXC9vWxW3lYVSwElORRi8=",
        "owner": "fzakaria",
        "repo": "mvn2nix",
        "rev": "ea21cfe97069feee55fa307ca9b125616c1fa84f",
        "type": "github"
      },
      "original": {
        "owner": "fzakaria",
        "repo": "mvn2nix",
        "type": "github"
      }
    },
    "nixpkgs": {
      "locked": {
        "lastModified": 1625176478,
        "narHash": "sha256-s1RTYNKw7ySyqrZjns9Cq+Nnjpp75ePgL06pgcbIpoA=",
        "owner": "NixOS",
        "repo": "nixpkgs",
        "rev": "21b696caf392ad6fa513caf3327d0aa0430ffb72",
        "type": "github"
      },
      "original": {
        "owner": "NixOS",
        "ref": "nixos-21.05",
        "repo": "nixpkgs",
        "type": "github"
      }
    },
    "nixpkgs_2": {
      "locked": {
        "lastModified": 1633329294,
        "narHash": "sha256-0LpQLS4KMgxslMgmDHmxG/5twFlXDBW9z4Or1iOrCvU=",
        "path": "/nix/store/52c4vhw245jsmmb5npqlz9pkifzairsc-source",
        "rev": "ee084c02040e864eeeb4cf4f8538d92f7c675671",
        "type": "path"
      },
      "original": {
        "id": "nixpkgs",
        "type": "indirect"
      }
    },
    "root": {
      "inputs": {
        "mvn2nix": "mvn2nix",
        "nixpkgs": "nixpkgs_2",
        "url-frontier-src": "url-frontier-src",
        "utils": "utils_2"
      }
    },
    "url-frontier-src": {
      "flake": false,
      "locked": {
        "lastModified": 1634553975,
        "narHash": "sha256-6dra/n1lYnZ7JmnzSe5QXYRoxe1czz5Y/UsMG7wMtWE=",
        "owner": "crawler-commons",
        "repo": "url-frontier",
        "rev": "daec31d4df4a0d1f906674ba3f2dd852121b55d1",
        "type": "github"
      },
      "original": {
        "owner": "crawler-commons",
        "repo": "url-frontier",
        "rev": "daec31d4df4a0d1f906674ba3f2dd852121b55d1",
        "type": "github"
      }
    },
    "utils": {
      "locked": {
        "lastModified": 1623875721,
        "narHash": "sha256-A8BU7bjS5GirpAUv4QA+QnJ4CceLHkcXdRp4xITDB0s=",
        "owner": "numtide",
        "repo": "flake-utils",
        "rev": "f7e004a55b120c02ecb6219596820fcd32ca8772",
        "type": "github"
      },
      "original": {
        "owner": "numtide",
        "repo": "flake-utils",
        "type": "github"
      }
    },
    "utils_2": {
      "locked": {
        "lastModified": 1631561581,
        "narHash": "sha256-3VQMV5zvxaVLvqqUrNz3iJelLw30mIVSfZmAaauM3dA=",
        "owner": "numtide",
        "repo": "flake-utils",
        "rev": "7e5bf3925f6fbdfaf50a2a7ca0be2879c4261d19",
        "type": "github"
      },
      "original": {
        "owner": "numtide",
        "repo": "flake-utils",
        "type": "github"
      }
    }
  },
  "root": "root",
  "version": 7
}
